# THIS IS AN AUTOGENERATED FILE. DO NOT EDIT THIS FILE DIRECTLY.
# yarn lockfile v1


wabt@^1.0.23:
  version "1.0.23"
  resolved "https://registry.yarnpkg.com/wabt/-/wabt-1.0.23.tgz#ff8140ee328e119356d2b09d9d6bd0b4373a14ba"
  integrity sha512-gN1CPmpqDenmNhUmybOCa2ZsE87oTnSZ/eLfNuNsS6753O3EGdB9pNb9ETH5GHHJZeAlxVgzH3MztMCEBiLj/w==
